
Microsoft Visual Studio Solution File, Format Version 12.00
# Visual Studio Version 17
VisualStudioVersion = 17.5.33414.496
MinimumVisualStudioVersion = 10.0.40219.1
Project("{FAE04EC0-301F-11D3-BF4B-00C04F79EFBC}") = "atividade 6", "atividade 6\atividade 6.csproj", "{B231FEB1-E455-4800-9A61-AE4C241EBE01}"
EndProject
Global
	GlobalSection(SolutionConfigurationPlatforms) = preSolution
		Debug|Any CPU = Debug|Any CPU
		Release|Any CPU = Release|Any CPU
	EndGlobalSection
	GlobalSection(ProjectConfigurationPlatforms) = postSolution
		{B231FEB1-E455-4800-9A61-AE4C241EBE01}.Debug|Any CPU.ActiveCfg = Debug|Any CPU
		{B231FEB1-E455-4800-9A61-AE4C241EBE01}.Debug|Any CPU.Build.0 = Debug|Any CPU
		{B231FEB1-E455-4800-9A61-AE4C241EBE01}.Release|Any CPU.ActiveCfg = Release|Any CPU
		{B231FEB1-E455-4800-9A61-AE4C241EBE01}.Release|Any CPU.Build.0 = Release|Any CPU
	EndGlobalSection
	GlobalSection(SolutionProperties) = preSolution
		HideSolutionNode = FALSE
	EndGlobalSection
	GlobalSection(ExtensibilityGlobals) = postSolution
		SolutionGuid = {952DBD25-E451-47ED-B5E5-44FBE2529235}
	EndGlobalSection
EndGlobal
