
Microsoft Visual Studio Solution File, Format Version 12.00
# Visual Studio Version 17
VisualStudioVersion = 17.5.33424.131
MinimumVisualStudioVersion = 10.0.40219.1
Project("{FAE04EC0-301F-11D3-BF4B-00C04F79EFBC}") = "fibonacci", "fibonacci\fibonacci.csproj", "{04539175-C1A4-462A-A2FC-1722C00E679E}"
EndProject
Global
	GlobalSection(SolutionConfigurationPlatforms) = preSolution
		Debug|Any CPU = Debug|Any CPU
		Release|Any CPU = Release|Any CPU
	EndGlobalSection
	GlobalSection(ProjectConfigurationPlatforms) = postSolution
		{04539175-C1A4-462A-A2FC-1722C00E679E}.Debug|Any CPU.ActiveCfg = Debug|Any CPU
		{04539175-C1A4-462A-A2FC-1722C00E679E}.Debug|Any CPU.Build.0 = Debug|Any CPU
		{04539175-C1A4-462A-A2FC-1722C00E679E}.Release|Any CPU.ActiveCfg = Release|Any CPU
		{04539175-C1A4-462A-A2FC-1722C00E679E}.Release|Any CPU.Build.0 = Release|Any CPU
	EndGlobalSection
	GlobalSection(SolutionProperties) = preSolution
		HideSolutionNode = FALSE
	EndGlobalSection
	GlobalSection(ExtensibilityGlobals) = postSolution
		SolutionGuid = {BEB4BBA5-7D4E-4F39-BDEA-E4B8908FA14F}
	EndGlobalSection
EndGlobal
