
Microsoft Visual Studio Solution File, Format Version 12.00
# Visual Studio Version 17
VisualStudioVersion = 17.5.33414.496
MinimumVisualStudioVersion = 10.0.40219.1
Project("{FAE04EC0-301F-11D3-BF4B-00C04F79EFBC}") = "Atividade 4", "Atividade 4\Atividade 4.csproj", "{309B4A75-B0C8-4F59-98A8-FF1B9292E8FB}"
EndProject
Global
	GlobalSection(SolutionConfigurationPlatforms) = preSolution
		Debug|Any CPU = Debug|Any CPU
		Release|Any CPU = Release|Any CPU
	EndGlobalSection
	GlobalSection(ProjectConfigurationPlatforms) = postSolution
		{309B4A75-B0C8-4F59-98A8-FF1B9292E8FB}.Debug|Any CPU.ActiveCfg = Debug|Any CPU
		{309B4A75-B0C8-4F59-98A8-FF1B9292E8FB}.Debug|Any CPU.Build.0 = Debug|Any CPU
		{309B4A75-B0C8-4F59-98A8-FF1B9292E8FB}.Release|Any CPU.ActiveCfg = Release|Any CPU
		{309B4A75-B0C8-4F59-98A8-FF1B9292E8FB}.Release|Any CPU.Build.0 = Release|Any CPU
	EndGlobalSection
	GlobalSection(SolutionProperties) = preSolution
		HideSolutionNode = FALSE
	EndGlobalSection
	GlobalSection(ExtensibilityGlobals) = postSolution
		SolutionGuid = {BB6A6571-FD96-4B79-A336-F533F2AEB78B}
	EndGlobalSection
EndGlobal
